{
  "name": "nixos",
  "lockfileVersion": 3,
  "requires": true,
  "packages": {
    "": {
      "dependencies": {
        "@hobeeliu/cc-switch": "^1.1.1"
      }
    },
    "node_modules/@hobeeliu/cc-switch": {
      "version": "1.1.1",
      "resolved": "https://registry.npmjs.org/@hobeeliu/cc-switch/-/cc-switch-1.1.1.tgz",
      "integrity": "sha512-lUGv9qH0+gneGjonKlhPpN+VTIL2DQHz6cdkQihVWznRxiQuDbZEfptjg4Y2OQNAtIQX29ZkQGJO1dS6VZTZvA==",
      "hasInstallScript": true,
      "license": "MIT",
      "bin": {
        "cc-switch": "bin/cc-switch.js"
      },
      "engines": {
        "node": ">=14.0.0"
      },
      "optionalDependencies": {
        "@hobeeliu/cc-switch-darwin-arm64": "1.1.1",
        "@hobeeliu/cc-switch-darwin-x64": "1.1.1",
        "@hobeeliu/cc-switch-linux-arm64": "1.1.1",
        "@hobeeliu/cc-switch-linux-x64": "1.1.1",
        "@hobeeliu/cc-switch-win32-x64": "1.1.1"
      }
    },
    "node_modules/@hobeeliu/cc-switch-darwin-arm64": {
      "version": "1.1.1",
      "resolved": "https://registry.npmjs.org/@hobeeliu/cc-switch-darwin-arm64/-/cc-switch-darwin-arm64-1.1.1.tgz",
      "integrity": "sha512-62x7Y6eJ64X669pAe7h9+iFI/N0czABcAM6Ar5SG/l8oPqoF4j4VacaUVUrvNX1KbP3S6ETf66heUagpAcZuAg==",
      "cpu": [
        "arm64"
      ],
      "license": "MIT",
      "optional": true,
      "os": [
        "darwin"
      ]
    },
    "node_modules/@hobeeliu/cc-switch-darwin-x64": {
      "version": "1.1.1",
      "resolved": "https://registry.npmjs.org/@hobeeliu/cc-switch-darwin-x64/-/cc-switch-darwin-x64-1.1.1.tgz",
      "integrity": "sha512-n4HkwPRSIL98HIFVsEXJcdGvdtyFSf6MGlzd3wpO8gRSNVqBiHV9GnIlCEYU3X1f7e4AgT39v3r6q8vOOKCGiQ==",
      "cpu": [
        "x64"
      ],
      "license": "MIT",
      "optional": true,
      "os": [
        "darwin"
      ]
    },
    "node_modules/@hobeeliu/cc-switch-linux-arm64": {
      "version": "1.1.1",
      "resolved": "https://registry.npmjs.org/@hobeeliu/cc-switch-linux-arm64/-/cc-switch-linux-arm64-1.1.1.tgz",
      "integrity": "sha512-87jNJ99XkVF/CTycWkJvznaf1VEcXMzve+VTrgYwLRddI6iqCgEjFiP2hbFxcgfFnDGlrpi5p/gNQEG8+UVW7w==",
      "cpu": [
        "arm64"
      ],
      "license": "MIT",
      "optional": true,
      "os": [
        "linux"
      ]
    },
    "node_modules/@hobeeliu/cc-switch-linux-x64": {
      "version": "1.1.1",
      "resolved": "https://registry.npmjs.org/@hobeeliu/cc-switch-linux-x64/-/cc-switch-linux-x64-1.1.1.tgz",
      "integrity": "sha512-cfVU/WvdjJYBNL2DHxJS9CoL/UVLGkB85UwNxgXM3+FZjthOBstbBXsWakEQBxtneI/cSP43JOt8++nj9MfM1g==",
      "cpu": [
        "x64"
      ],
      "license": "MIT",
      "optional": true,
      "os": [
        "linux"
      ]
    },
    "node_modules/@hobeeliu/cc-switch-win32-x64": {
      "version": "1.1.1",
      "resolved": "https://registry.npmjs.org/@hobeeliu/cc-switch-win32-x64/-/cc-switch-win32-x64-1.1.1.tgz",
      "integrity": "sha512-zmeQiU66ZhKCvmmztH2uuym935cPg4rwXG923wrIimoboj6nnxXU72cxgR4TKslbctM06L/QAQdUl21VfqhCVQ==",
      "cpu": [
        "x64"
      ],
      "license": "MIT",
      "optional": true,
      "os": [
        "win32"
      ]
    }
  }
}
